
Microsoft Visual Studio Solution File, Format Version 12.00
# Visual Studio 15
VisualStudioVersion = 15.0.27130.2027
MinimumVisualStudioVersion = 10.0.40219.1
Project("{FAE04EC0-301F-11D3-BF4B-00C04F79EFBC}") = "CSF Utils", "CSF Utils\CSF Utils.csproj", "{24BCC461-E781-48D0-B819-2C592EA4C9B1}"
EndProject
Global
	GlobalSection(SolutionConfigurationPlatforms) = preSolution
		Debug|Any CPU = Debug|Any CPU
		Release|Any CPU = Release|Any CPU
	EndGlobalSection
	GlobalSection(ProjectConfigurationPlatforms) = postSolution
		{24BCC461-E781-48D0-B819-2C592EA4C9B1}.Debug|Any CPU.ActiveCfg = Debug|Any CPU
		{24BCC461-E781-48D0-B819-2C592EA4C9B1}.Debug|Any CPU.Build.0 = Debug|Any CPU
		{24BCC461-E781-48D0-B819-2C592EA4C9B1}.Release|Any CPU.ActiveCfg = Release|Any CPU
		{24BCC461-E781-48D0-B819-2C592EA4C9B1}.Release|Any CPU.Build.0 = Release|Any CPU
	EndGlobalSection
	GlobalSection(SolutionProperties) = preSolution
		HideSolutionNode = FALSE
	EndGlobalSection
	GlobalSection(ExtensibilityGlobals) = postSolution
		SolutionGuid = {AE9D575E-9DEB-41FB-8963-D150318B0133}
	EndGlobalSection
EndGlobal
